// !$*UTF8*$!
{
	archiveVersion = 1;
	classes = {
	};
	objectVersion = 46;
	objects = {

/* Begin PBXBuildFile section */
		9FCCBB895E42BC88FBDBDBCF /* Pods_FilmBox.framework in Frameworks */ = {isa = PBXBuildFile; fileRef = 1F40F4A57328542D00CAEE58 /* Pods_FilmBox.framework */; };
		B503A1C51E05B2BA008A7EEA /* MainViewController.swift in Sources */ = {isa = PBXBuildFile; fileRef = B503A1C41E05B2BA008A7EEA /* MainViewController.swift */; };
		B51B4D821E0554F5003E5DC0 /* AppDelegate.swift in Sources */ = {isa = PBXBuildFile; fileRef = B51B4D811E0554F5003E5DC0 /* AppDelegate.swift */; };
		B51B4D841E0554F5003E5DC0 /* MovieDetailsViewController.swift in Sources */ = {isa = PBXBuildFile; fileRef = B51B4D831E0554F5003E5DC0 /* MovieDetailsViewController.swift */; };
		B51B4D871E0554F5003E5DC0 /* Main.storyboard in Resources */ = {isa = PBXBuildFile; fileRef = B51B4D851E0554F5003E5DC0 /* Main.storyboard */; };
		B51B4D8A1E0554F5003E5DC0 /* FilmBox.xcdatamodeld in Sources */ = {isa = PBXBuildFile; fileRef = B51B4D881E0554F5003E5DC0 /* FilmBox.xcdatamodeld */; };
		B51B4D8C1E0554F5003E5DC0 /* Assets.xcassets in Resources */ = {isa = PBXBuildFile; fileRef = B51B4D8B1E0554F5003E5DC0 /* Assets.xcassets */; };
		B51B4D8F1E0554F5003E5DC0 /* LaunchScreen.storyboard in Resources */ = {isa = PBXBuildFile; fileRef = B51B4D8D1E0554F5003E5DC0 /* LaunchScreen.storyboard */; };
		B51B4D9A1E0554F5003E5DC0 /* FilmBoxTests.swift in Sources */ = {isa = PBXBuildFile; fileRef = B51B4D991E0554F5003E5DC0 /* FilmBoxTests.swift */; };
		B51B4DAC1E05AD92003E5DC0 /* PopUpViewController.swift in Sources */ = {isa = PBXBuildFile; fileRef = B51B4DAB1E05AD92003E5DC0 /* PopUpViewController.swift */; };
		B51B86E61E0914EE0065C930 /* Film+CoreDataClass.swift in Sources */ = {isa = PBXBuildFile; fileRef = B51B86E41E0914EE0065C930 /* Film+CoreDataClass.swift */; };
		B51B86E71E0914EE0065C930 /* Film+CoreDataProperties.swift in Sources */ = {isa = PBXBuildFile; fileRef = B51B86E51E0914EE0065C930 /* Film+CoreDataProperties.swift */; };
		B51B86EA1E0915860065C930 /* DatabaseController.swift in Sources */ = {isa = PBXBuildFile; fileRef = B51B86E91E0915860065C930 /* DatabaseController.swift */; };
		B52B813D1E09C461005484E9 /* FoundFilm.swift in Sources */ = {isa = PBXBuildFile; fileRef = B52B813C1E09C461005484E9 /* FoundFilm.swift */; };
		B52B81421E09C807005484E9 /* searchResults.json in Resources */ = {isa = PBXBuildFile; fileRef = B52B81411E09C807005484E9 /* searchResults.json */; };
		B52B81441E09C837005484E9 /* responseForFilmID.json in Resources */ = {isa = PBXBuildFile; fileRef = B52B81431E09C837005484E9 /* responseForFilmID.json */; };
		B57B30551E085AB300754E68 /* FilmSearchTableViewController.swift in Sources */ = {isa = PBXBuildFile; fileRef = B57B30541E085AB300754E68 /* FilmSearchTableViewController.swift */; };
		B5DF412C1E099FD7001DB179 /* InfoPopUpViewController.swift in Sources */ = {isa = PBXBuildFile; fileRef = B5DF412B1E099FD7001DB179 /* InfoPopUpViewController.swift */; };
		F6AD4485DF05AE5960D8B8E1 /* Pods_FilmBoxTests.framework in Frameworks */ = {isa = PBXBuildFile; fileRef = E813D9E712FF41B8E7C37917 /* Pods_FilmBoxTests.framework */; };
/* End PBXBuildFile section */

/* Begin PBXContainerItemProxy section */
		B51B4D961E0554F5003E5DC0 /* PBXContainerItemProxy */ = {
			isa = PBXContainerItemProxy;
			containerPortal = B51B4D761E0554F4003E5DC0 /* Project object */;
			proxyType = 1;
			remoteGlobalIDString = B51B4D7D1E0554F4003E5DC0;
			remoteInfo = FilmBox;
		};
/* End PBXContainerItemProxy section */

/* Begin PBXFileReference section */
		1470EDD3E2D6C69CC2DBF1B4 /* Pods-FilmBox.debug.xcconfig */ = {isa = PBXFileReference; includeInIndex = 1; lastKnownFileType = text.xcconfig; name = "Pods-FilmBox.debug.xcconfig"; path = "Pods/Target Support Files/Pods-FilmBox/Pods-FilmBox.debug.xcconfig"; sourceTree = "<group>"; };
		1769157101DE497D93DDCBAD /* Pods-FilmBox.release.xcconfig */ = {isa = PBXFileReference; includeInIndex = 1; lastKnownFileType = text.xcconfig; name = "Pods-FilmBox.release.xcconfig"; path = "Pods/Target Support Files/Pods-FilmBox/Pods-FilmBox.release.xcconfig"; sourceTree = "<group>"; };
		1F40F4A57328542D00CAEE58 /* Pods_FilmBox.framework */ = {isa = PBXFileReference; explicitFileType = wrapper.framework; includeInIndex = 0; path = Pods_FilmBox.framework; sourceTree = BUILT_PRODUCTS_DIR; };
		238B272DEA3B8AB3F6B90F58 /* Pods-FilmBoxTests.debug.xcconfig */ = {isa = PBXFileReference; includeInIndex = 1; lastKnownFileType = text.xcconfig; name = "Pods-FilmBoxTests.debug.xcconfig"; path = "Pods/Target Support Files/Pods-FilmBoxTests/Pods-FilmBoxTests.debug.xcconfig"; sourceTree = "<group>"; };
		83AAE3D11FA5A960D8099511 /* Pods-FilmBoxTests.release.xcconfig */ = {isa = PBXFileReference; includeInIndex = 1; lastKnownFileType = text.xcconfig; name = "Pods-FilmBoxTests.release.xcconfig"; path = "Pods/Target Support Files/Pods-FilmBoxTests/Pods-FilmBoxTests.release.xcconfig"; sourceTree = "<group>"; };
		B503A1C41E05B2BA008A7EEA /* MainViewController.swift */ = {isa = PBXFileReference; fileEncoding = 4; lastKnownFileType = sourcecode.swift; path = MainViewController.swift; sourceTree = "<group>"; };
		B51B4D7E1E0554F5003E5DC0 /* FilmBox.app */ = {isa = PBXFileReference; explicitFileType = wrapper.application; includeInIndex = 0; path = FilmBox.app; sourceTree = BUILT_PRODUCTS_DIR; };
		B51B4D811E0554F5003E5DC0 /* AppDelegate.swift */ = {isa = PBXFileReference; lastKnownFileType = sourcecode.swift; path = AppDelegate.swift; sourceTree = "<group>"; };
		B51B4D831E0554F5003E5DC0 /* MovieDetailsViewController.swift */ = {isa = PBXFileReference; lastKnownFileType = sourcecode.swift; path = MovieDetailsViewController.swift; sourceTree = "<group>"; };
		B51B4D861E0554F5003E5DC0 /* Base */ = {isa = PBXFileReference; lastKnownFileType = file.storyboard; name = Base; path = Base.lproj/Main.storyboard; sourceTree = "<group>"; };
		B51B4D891E0554F5003E5DC0 /* FilmBox.xcdatamodel */ = {isa = PBXFileReference; lastKnownFileType = wrapper.xcdatamodel; path = FilmBox.xcdatamodel; sourceTree = "<group>"; };
		B51B4D8B1E0554F5003E5DC0 /* Assets.xcassets */ = {isa = PBXFileReference; lastKnownFileType = folder.assetcatalog; path = Assets.xcassets; sourceTree = "<group>"; };
		B51B4D8E1E0554F5003E5DC0 /* Base */ = {isa = PBXFileReference; lastKnownFileType = file.storyboard; name = Base; path = Base.lproj/LaunchScreen.storyboard; sourceTree = "<group>"; };
		B51B4D901E0554F5003E5DC0 /* Info.plist */ = {isa = PBXFileReference; lastKnownFileType = text.plist.xml; path = Info.plist; sourceTree = "<group>"; };
		B51B4D951E0554F5003E5DC0 /* FilmBoxTests.xctest */ = {isa = PBXFileReference; explicitFileType = wrapper.cfbundle; includeInIndex = 0; path = FilmBoxTests.xctest; sourceTree = BUILT_PRODUCTS_DIR; };
		B51B4D991E0554F5003E5DC0 /* FilmBoxTests.swift */ = {isa = PBXFileReference; lastKnownFileType = sourcecode.swift; path = FilmBoxTests.swift; sourceTree = "<group>"; };
		B51B4D9B1E0554F5003E5DC0 /* Info.plist */ = {isa = PBXFileReference; lastKnownFileType = text.plist.xml; path = Info.plist; sourceTree = "<group>"; };
		B51B4DAB1E05AD92003E5DC0 /* PopUpViewController.swift */ = {isa = PBXFileReference; fileEncoding = 4; lastKnownFileType = sourcecode.swift; path = PopUpViewController.swift; sourceTree = "<group>"; };
		B51B86E41E0914EE0065C930 /* Film+CoreDataClass.swift */ = {isa = PBXFileReference; fileEncoding = 4; lastKnownFileType = sourcecode.swift; path = "Film+CoreDataClass.swift"; sourceTree = "<group>"; };
		B51B86E51E0914EE0065C930 /* Film+CoreDataProperties.swift */ = {isa = PBXFileReference; fileEncoding = 4; lastKnownFileType = sourcecode.swift; path = "Film+CoreDataProperties.swift"; sourceTree = "<group>"; };
		B51B86E91E0915860065C930 /* DatabaseController.swift */ = {isa = PBXFileReference; fileEncoding = 4; lastKnownFileType = sourcecode.swift; path = DatabaseController.swift; sourceTree = "<group>"; };
		B52B813C1E09C461005484E9 /* FoundFilm.swift */ = {isa = PBXFileReference; fileEncoding = 4; lastKnownFileType = sourcecode.swift; path = FoundFilm.swift; sourceTree = "<group>"; };
		B52B81411E09C807005484E9 /* searchResults.json */ = {isa = PBXFileReference; fileEncoding = 4; lastKnownFileType = text.json; path = searchResults.json; sourceTree = "<group>"; };
		B52B81431E09C837005484E9 /* responseForFilmID.json */ = {isa = PBXFileReference; fileEncoding = 4; lastKnownFileType = text.json; path = responseForFilmID.json; sourceTree = "<group>"; };
		B57B30541E085AB300754E68 /* FilmSearchTableViewController.swift */ = {isa = PBXFileReference; fileEncoding = 4; lastKnownFileType = sourcecode.swift; name = FilmSearchTableViewController.swift; path = Assets.xcassets/FilmSearchTableViewController.swift; sourceTree = "<group>"; };
		B5DF412B1E099FD7001DB179 /* InfoPopUpViewController.swift */ = {isa = PBXFileReference; fileEncoding = 4; lastKnownFileType = sourcecode.swift; path = InfoPopUpViewController.swift; sourceTree = "<group>"; };
		E813D9E712FF41B8E7C37917 /* Pods_FilmBoxTests.framework */ = {isa = PBXFileReference; explicitFileType = wrapper.framework; includeInIndex = 0; path = Pods_FilmBoxTests.framework; sourceTree = BUILT_PRODUCTS_DIR; };
/* End PBXFileReference section */

/* Begin PBXFrameworksBuildPhase section */
		B51B4D7B1E0554F4003E5DC0 /* Frameworks */ = {
			isa = PBXFrameworksBuildPhase;
			buildActionMask = 2147483647;
			files = (
				9FCCBB895E42BC88FBDBDBCF /* Pods_FilmBox.framework in Frameworks */,
			);
			runOnlyForDeploymentPostprocessing = 0;
		};
		B51B4D921E0554F5003E5DC0 /* Frameworks */ = {
			isa = PBXFrameworksBuildPhase;
			buildActionMask = 2147483647;
			files = (
				F6AD4485DF05AE5960D8B8E1 /* Pods_FilmBoxTests.framework in Frameworks */,
			);
			runOnlyForDeploymentPostprocessing = 0;
		};
/* End PBXFrameworksBuildPhase section */

/* Begin PBXGroup section */
		0F6EC6FA41CFCB2F16ED4863 /* Frameworks */ = {
			isa = PBXGroup;
			children = (
				1F40F4A57328542D00CAEE58 /* Pods_FilmBox.framework */,
				E813D9E712FF41B8E7C37917 /* Pods_FilmBoxTests.framework */,
			);
			name = Frameworks;
			sourceTree = "<group>";
		};
		2D470654C99A2DC52B64987B /* Pods */ = {
			isa = PBXGroup;
			children = (
				1470EDD3E2D6C69CC2DBF1B4 /* Pods-FilmBox.debug.xcconfig */,
				1769157101DE497D93DDCBAD /* Pods-FilmBox.release.xcconfig */,
				238B272DEA3B8AB3F6B90F58 /* Pods-FilmBoxTests.debug.xcconfig */,
				83AAE3D11FA5A960D8099511 /* Pods-FilmBoxTests.release.xcconfig */,
			);
			name = Pods;
			sourceTree = "<group>";
		};
		B51B4D751E0554F4003E5DC0 = {
			isa = PBXGroup;
			children = (
				B51B4D801E0554F5003E5DC0 /* FilmBox */,
				B51B4D981E0554F5003E5DC0 /* FilmBoxTests */,
				B51B4D7F1E0554F5003E5DC0 /* Products */,
				2D470654C99A2DC52B64987B /* Pods */,
				0F6EC6FA41CFCB2F16ED4863 /* Frameworks */,
			);
			sourceTree = "<group>";
		};
		B51B4D7F1E0554F5003E5DC0 /* Products */ = {
			isa = PBXGroup;
			children = (
				B51B4D7E1E0554F5003E5DC0 /* FilmBox.app */,
				B51B4D951E0554F5003E5DC0 /* FilmBoxTests.xctest */,
			);
			name = Products;
			sourceTree = "<group>";
		};
		B51B4D801E0554F5003E5DC0 /* FilmBox */ = {
			isa = PBXGroup;
			children = (
				B51B4D811E0554F5003E5DC0 /* AppDelegate.swift */,
				B57B30531E085A9C00754E68 /* Controllers */,
				B51B86E81E0914FA0065C930 /* Model */,
				B51B4D851E0554F5003E5DC0 /* Main.storyboard */,
				B51B4D8B1E0554F5003E5DC0 /* Assets.xcassets */,
				B51B4D8D1E0554F5003E5DC0 /* LaunchScreen.storyboard */,
				B51B4D901E0554F5003E5DC0 /* Info.plist */,
				B51B4D881E0554F5003E5DC0 /* FilmBox.xcdatamodeld */,
			);
			path = FilmBox;
			sourceTree = "<group>";
		};
		B51B4D981E0554F5003E5DC0 /* FilmBoxTests */ = {
			isa = PBXGroup;
			children = (
				B51B4D991E0554F5003E5DC0 /* FilmBoxTests.swift */,
				B51B4D9B1E0554F5003E5DC0 /* Info.plist */,
				B52B81411E09C807005484E9 /* searchResults.json */,
				B52B81431E09C837005484E9 /* responseForFilmID.json */,
			);
			path = FilmBoxTests;
			sourceTree = "<group>";
		};
		B51B86E81E0914FA0065C930 /* Model */ = {
			isa = PBXGroup;
			children = (
				B51B86E41E0914EE0065C930 /* Film+CoreDataClass.swift */,
				B51B86E51E0914EE0065C930 /* Film+CoreDataProperties.swift */,
				B52B813C1E09C461005484E9 /* FoundFilm.swift */,
			);
			name = Model;
			sourceTree = "<group>";
		};
		B57B30531E085A9C00754E68 /* Controllers */ = {
			isa = PBXGroup;
			children = (
				B51B4D831E0554F5003E5DC0 /* MovieDetailsViewController.swift */,
				B51B4DAB1E05AD92003E5DC0 /* PopUpViewController.swift */,
				B503A1C41E05B2BA008A7EEA /* MainViewController.swift */,
				B57B30541E085AB300754E68 /* FilmSearchTableViewController.swift */,
				B51B86E91E0915860065C930 /* DatabaseController.swift */,
				B5DF412B1E099FD7001DB179 /* InfoPopUpViewController.swift */,
			);
			name = Controllers;
			sourceTree = "<group>";
		};
/* End PBXGroup section */

/* Begin PBXNativeTarget section */
		B51B4D7D1E0554F4003E5DC0 /* FilmBox */ = {
			isa = PBXNativeTarget;
			buildConfigurationList = B51B4D9E1E0554F5003E5DC0 /* Build configuration list for PBXNativeTarget "FilmBox" */;
			buildPhases = (
				B0C2379414735C7FE4B4464A /* [CP] Check Pods Manifest.lock */,
				B51B4D7A1E0554F4003E5DC0 /* Sources */,
				B51B4D7B1E0554F4003E5DC0 /* Frameworks */,
				B51B4D7C1E0554F4003E5DC0 /* Resources */,
				04F199A2AFEB571E26945141 /* [CP] Embed Pods Frameworks */,
				556BDF9A40E8DE194FDB784A /* [CP] Copy Pods Resources */,
			);
			buildRules = (
			);
			dependencies = (
			);
			name = FilmBox;
			productName = FilmBox;
			productReference = B51B4D7E1E0554F5003E5DC0 /* FilmBox.app */;
			productType = "com.apple.product-type.application";
		};
		B51B4D941E0554F5003E5DC0 /* FilmBoxTests */ = {
			isa = PBXNativeTarget;
			buildConfigurationList = B51B4DA11E0554F5003E5DC0 /* Build configuration list for PBXNativeTarget "FilmBoxTests" */;
			buildPhases = (
				A5995B2B0F1770D68570A430 /* [CP] Check Pods Manifest.lock */,
				B51B4D911E0554F5003E5DC0 /* Sources */,
				B51B4D921E0554F5003E5DC0 /* Frameworks */,
				B51B4D931E0554F5003E5DC0 /* Resources */,
				A8F43B998002D9B8ADB5EE66 /* [CP] Embed Pods Frameworks */,
				31A73A33E41E5861C9C502FF /* [CP] Copy Pods Resources */,
			);
			buildRules = (
			);
			dependencies = (
				B51B4D971E0554F5003E5DC0 /* PBXTargetDependency */,
			);
			name = FilmBoxTests;
			productName = FilmBoxTests;
			productReference = B51B4D951E0554F5003E5DC0 /* FilmBoxTests.xctest */;
			productType = "com.apple.product-type.bundle.unit-test";
		};
/* End PBXNativeTarget section */

/* Begin PBXProject section */
		B51B4D761E0554F4003E5DC0 /* Project object */ = {
			isa = PBXProject;
			attributes = {
				LastSwiftUpdateCheck = 0820;
				LastUpgradeCheck = 0820;
				ORGANIZATIONNAME = "Alexander Shipunov";
				TargetAttributes = {
					B51B4D7D1E0554F4003E5DC0 = {
						CreatedOnToolsVersion = 8.2;
						DevelopmentTeam = 74G75L55W5;
						ProvisioningStyle = Automatic;
					};
					B51B4D941E0554F5003E5DC0 = {
						CreatedOnToolsVersion = 8.2;
						DevelopmentTeam = 74G75L55W5;
						ProvisioningStyle = Automatic;
						TestTargetID = B51B4D7D1E0554F4003E5DC0;
					};
				};
			};
			buildConfigurationList = B51B4D791E0554F4003E5DC0 /* Build configuration list for PBXProject "FilmBox" */;
			compatibilityVersion = "Xcode 3.2";
			developmentRegion = English;
			hasScannedForEncodings = 0;
			knownRegions = (
				en,
				Base,
			);
			mainGroup = B51B4D751E0554F4003E5DC0;
			productRefGroup = B51B4D7F1E0554F5003E5DC0 /* Products */;
			projectDirPath = "";
			projectRoot = "";
			targets = (
				B51B4D7D1E0554F4003E5DC0 /* FilmBox */,
				B51B4D941E0554F5003E5DC0 /* FilmBoxTests */,
			);
		};
/* End PBXProject section */

/* Begin PBXResourcesBuildPhase section */
		B51B4D7C1E0554F4003E5DC0 /* Resources */ = {
			isa = PBXResourcesBuildPhase;
			buildActionMask = 2147483647;
			files = (
				B51B4D8F1E0554F5003E5DC0 /* LaunchScreen.storyboard in Resources */,
				B51B4D8C1E0554F5003E5DC0 /* Assets.xcassets in Resources */,
				B51B4D871E0554F5003E5DC0 /* Main.storyboard in Resources */,
			);
			runOnlyForDeploymentPostprocessing = 0;
		};
		B51B4D931E0554F5003E5DC0 /* Resources */ = {
			isa = PBXResourcesBuildPhase;
			buildActionMask = 2147483647;
			files = (
				B52B81421E09C807005484E9 /* searchResults.json in Resources */,
				B52B81441E09C837005484E9 /* responseForFilmID.json in Resources */,
			);
			runOnlyForDeploymentPostprocessing = 0;
		};
/* End PBXResourcesBuildPhase section */

/* Begin PBXShellScriptBuildPhase section */
		04F199A2AFEB571E26945141 /* [CP] Embed Pods Frameworks */ = {
			isa = PBXShellScriptBuildPhase;
			buildActionMask = 2147483647;
			files = (
			);
			inputPaths = (
			);
			name = "[CP] Embed Pods Frameworks";
			outputPaths = (
			);
			runOnlyForDeploymentPostprocessing = 0;
			shellPath = /bin/sh;
			shellScript = "\"${SRCROOT}/Pods/Target Support Files/Pods-FilmBox/Pods-FilmBox-frameworks.sh\"\n";
			showEnvVarsInLog = 0;
		};
		31A73A33E41E5861C9C502FF /* [CP] Copy Pods Resources */ = {
			isa = PBXShellScriptBuildPhase;
			buildActionMask = 2147483647;
			files = (
			);
			inputPaths = (
			);
			name = "[CP] Copy Pods Resources";
			outputPaths = (
			);
			runOnlyForDeploymentPostprocessing = 0;
			shellPath = /bin/sh;
			shellScript = "\"${SRCROOT}/Pods/Target Support Files/Pods-FilmBoxTests/Pods-FilmBoxTests-resources.sh\"\n";
			showEnvVarsInLog = 0;
		};
		556BDF9A40E8DE194FDB784A /* [CP] Copy Pods Resources */ = {
			isa = PBXShellScriptBuildPhase;
			buildActionMask = 2147483647;
			files = (
			);
			inputPaths = (
			);
			name = "[CP] Copy Pods Resources";
			outputPaths = (
			);
			runOnlyForDeploymentPostprocessing = 0;
			shellPath = /bin/sh;
			shellScript = "\"${SRCROOT}/Pods/Target Support Files/Pods-FilmBox/Pods-FilmBox-resources.sh\"\n";
			showEnvVarsInLog = 0;
		};
		A5995B2B0F1770D68570A430 /* [CP] Check Pods Manifest.lock */ = {
			isa = PBXShellScriptBuildPhase;
			buildActionMask = 2147483647;
			files = (
			);
			inputPaths = (
			);
			name = "[CP] Check Pods Manifest.lock";
			outputPaths = (
			);
			runOnlyForDeploymentPostprocessing = 0;
			shellPath = /bin/sh;
			shellScript = "diff \"${PODS_ROOT}/../Podfile.lock\" \"${PODS_ROOT}/Manifest.lock\" > /dev/null\nif [ $? != 0 ] ; then\n    # print error to STDERR\n    echo \"error: The sandbox is not in sync with the Podfile.lock. Run 'pod install' or update your CocoaPods installation.\" >&2\n    exit 1\nfi\n";
			showEnvVarsInLog = 0;
		};
		A8F43B998002D9B8ADB5EE66 /* [CP] Embed Pods Frameworks */ = {
			isa = PBXShellScriptBuildPhase;
			buildActionMask = 2147483647;
			files = (
			);
			inputPaths = (
			);
			name = "[CP] Embed Pods Frameworks";
			outputPaths = (
			);
			runOnlyForDeploymentPostprocessing = 0;
			shellPath = /bin/sh;
			shellScript = "\"${SRCROOT}/Pods/Target Support Files/Pods-FilmBoxTests/Pods-FilmBoxTests-frameworks.sh\"\n";
			showEnvVarsInLog = 0;
		};
		B0C2379414735C7FE4B4464A /* [CP] Check Pods Manifest.lock */ = {
			isa = PBXShellScriptBuildPhase;
			buildActionMask = 2147483647;
			files = (
			);
			inputPaths = (
			);
			name = "[CP] Check Pods Manifest.lock";
			outputPaths = (
			);
			runOnlyForDeploymentPostprocessing = 0;
			shellPath = /bin/sh;
			shellScript = "diff \"${PODS_ROOT}/../Podfile.lock\" \"${PODS_ROOT}/Manifest.lock\" > /dev/null\nif [ $? != 0 ] ; then\n    # print error to STDERR\n    echo \"error: The sandbox is not in sync with the Podfile.lock. Run 'pod install' or update your CocoaPods installation.\" >&2\n    exit 1\nfi\n";
			showEnvVarsInLog = 0;
		};
/* End PBXShellScriptBuildPhase section */

/* Begin PBXSourcesBuildPhase section */
		B51B4D7A1E0554F4003E5DC0 /* Sources */ = {
			isa = PBXSourcesBuildPhase;
			buildActionMask = 2147483647;
			files = (
				B51B4D841E0554F5003E5DC0 /* MovieDetailsViewController.swift in Sources */,
				B51B4D8A1E0554F5003E5DC0 /* FilmBox.xcdatamodeld in Sources */,
				B51B86E61E0914EE0065C930 /* Film+CoreDataClass.swift in Sources */,
				B51B86E71E0914EE0065C930 /* Film+CoreDataProperties.swift in Sources */,
				B51B4D821E0554F5003E5DC0 /* AppDelegate.swift in Sources */,
				B52B813D1E09C461005484E9 /* FoundFilm.swift in Sources */,
				B51B86EA1E0915860065C930 /* DatabaseController.swift in Sources */,
				B503A1C51E05B2BA008A7EEA /* MainViewController.swift in Sources */,
				B5DF412C1E099FD7001DB179 /* InfoPopUpViewController.swift in Sources */,
				B51B4DAC1E05AD92003E5DC0 /* PopUpViewController.swift in Sources */,
				B57B30551E085AB300754E68 /* FilmSearchTableViewController.swift in Sources */,
			);
			runOnlyForDeploymentPostprocessing = 0;
		};
		B51B4D911E0554F5003E5DC0 /* Sources */ = {
			isa = PBXSourcesBuildPhase;
			buildActionMask = 2147483647;
			files = (
				B51B4D9A1E0554F5003E5DC0 /* FilmBoxTests.swift in Sources */,
			);
			runOnlyForDeploymentPostprocessing = 0;
		};
/* End PBXSourcesBuildPhase section */

/* Begin PBXTargetDependency section */
		B51B4D971E0554F5003E5DC0 /* PBXTargetDependency */ = {
			isa = PBXTargetDependency;
			target = B51B4D7D1E0554F4003E5DC0 /* FilmBox */;
			targetProxy = B51B4D961E0554F5003E5DC0 /* PBXContainerItemProxy */;
		};
/* End PBXTargetDependency section */

/* Begin PBXVariantGroup section */
		B51B4D851E0554F5003E5DC0 /* Main.storyboard */ = {
			isa = PBXVariantGroup;
			children = (
				B51B4D861E0554F5003E5DC0 /* Base */,
			);
			name = Main.storyboard;
			sourceTree = "<group>";
		};
		B51B4D8D1E0554F5003E5DC0 /* LaunchScreen.storyboard */ = {
			isa = PBXVariantGroup;
			children = (
				B51B4D8E1E0554F5003E5DC0 /* Base */,
			);
			name = LaunchScreen.storyboard;
			sourceTree = "<group>";
		};
/* End PBXVariantGroup section */

/* Begin XCBuildConfiguration section */
		B51B4D9C1E0554F5003E5DC0 /* Debug */ = {
			isa = XCBuildConfiguration;
			buildSettings = {
				ALWAYS_SEARCH_USER_PATHS = NO;
				CLANG_ANALYZER_NONNULL = YES;
				CLANG_CXX_LANGUAGE_STANDARD = "gnu++0x";
				CLANG_CXX_LIBRARY = "libc++";
				CLANG_ENABLE_MODULES = YES;
				CLANG_ENABLE_OBJC_ARC = YES;
				CLANG_WARN_BOOL_CONVERSION = YES;
				CLANG_WARN_CONSTANT_CONVERSION = YES;
				CLANG_WARN_DIRECT_OBJC_ISA_USAGE = YES_ERROR;
				CLANG_WARN_DOCUMENTATION_COMMENTS = YES;
				CLANG_WARN_EMPTY_BODY = YES;
				CLANG_WARN_ENUM_CONVERSION = YES;
				CLANG_WARN_INFINITE_RECURSION = YES;
				CLANG_WARN_INT_CONVERSION = YES;
				CLANG_WARN_OBJC_ROOT_CLASS = YES_ERROR;
				CLANG_WARN_SUSPICIOUS_MOVE = YES;
				CLANG_WARN_UNREACHABLE_CODE = YES;
				CLANG_WARN__DUPLICATE_METHOD_MATCH = YES;
				"CODE_SIGN_IDENTITY[sdk=iphoneos*]" = "iPhone Developer";
				COPY_PHASE_STRIP = NO;
				DEBUG_INFORMATION_FORMAT = dwarf;
				ENABLE_STRICT_OBJC_MSGSEND = YES;
				ENABLE_TESTABILITY = YES;
				GCC_C_LANGUAGE_STANDARD = gnu99;
				GCC_DYNAMIC_NO_PIC = NO;
				GCC_NO_COMMON_BLOCKS = YES;
				GCC_OPTIMIZATION_LEVEL = 0;
				GCC_PREPROCESSOR_DEFINITIONS = (
					"DEBUG=1",
					"$(inherited)",
				);
				GCC_WARN_64_TO_32_BIT_CONVERSION = YES;
				GCC_WARN_ABOUT_RETURN_TYPE = YES_ERROR;
				GCC_WARN_UNDECLARED_SELECTOR = YES;
				GCC_WARN_UNINITIALIZED_AUTOS = YES_AGGRESSIVE;
				GCC_WARN_UNUSED_FUNCTION = YES;
				GCC_WARN_UNUSED_VARIABLE = YES;
				IPHONEOS_DEPLOYMENT_TARGET = 10.2;
				MTL_ENABLE_DEBUG_INFO = YES;
				ONLY_ACTIVE_ARCH = YES;
				SDKROOT = iphoneos;
				SWIFT_ACTIVE_COMPILATION_CONDITIONS = DEBUG;
				SWIFT_OPTIMIZATION_LEVEL = "-Onone";
				TARGETED_DEVICE_FAMILY = "1,2";
			};
			name = Debug;
		};
		B51B4D9D1E0554F5003E5DC0 /* Release */ = {
			isa = XCBuildConfiguration;
			buildSettings = {
				ALWAYS_SEARCH_USER_PATHS = NO;
				CLANG_ANALYZER_NONNULL = YES;
				CLANG_CXX_LANGUAGE_STANDARD = "gnu++0x";
				CLANG_CXX_LIBRARY = "libc++";
				CLANG_ENABLE_MODULES = YES;
				CLANG_ENABLE_OBJC_ARC = YES;
				CLANG_WARN_BOOL_CONVERSION = YES;
				CLANG_WARN_CONSTANT_CONVERSION = YES;
				CLANG_WARN_DIRECT_OBJC_ISA_USAGE = YES_ERROR;
				CLANG_WARN_DOCUMENTATION_COMMENTS = YES;
				CLANG_WARN_EMPTY_BODY = YES;
				CLANG_WARN_ENUM_CONVERSION = YES;
				CLANG_WARN_INFINITE_RECURSION = YES;
				CLANG_WARN_INT_CONVERSION = YES;
				CLANG_WARN_OBJC_ROOT_CLASS = YES_ERROR;
				CLANG_WARN_SUSPICIOUS_MOVE = YES;
				CLANG_WARN_UNREACHABLE_CODE = YES;
				CLANG_WARN__DUPLICATE_METHOD_MATCH = YES;
				"CODE_SIGN_IDENTITY[sdk=iphoneos*]" = "iPhone Developer";
				COPY_PHASE_STRIP = NO;
				DEBUG_INFORMATION_FORMAT = "dwarf-with-dsym";
				ENABLE_NS_ASSERTIONS = NO;
				ENABLE_STRICT_OBJC_MSGSEND = YES;
				GCC_C_LANGUAGE_STANDARD = gnu99;
				GCC_NO_COMMON_BLOCKS = YES;
				GCC_WARN_64_TO_32_BIT_CONVERSION = YES;
				GCC_WARN_ABOUT_RETURN_TYPE = YES_ERROR;
				GCC_WARN_UNDECLARED_SELECTOR = YES;
				GCC_WARN_UNINITIALIZED_AUTOS = YES_AGGRESSIVE;
				GCC_WARN_UNUSED_FUNCTION = YES;
				GCC_WARN_UNUSED_VARIABLE = YES;
				IPHONEOS_DEPLOYMENT_TARGET = 10.2;
				MTL_ENABLE_DEBUG_INFO = NO;
				SDKROOT = iphoneos;
				SWIFT_OPTIMIZATION_LEVEL = "-Owholemodule";
				TARGETED_DEVICE_FAMILY = "1,2";
				VALIDATE_PRODUCT = YES;
			};
			name = Release;
		};
		B51B4D9F1E0554F5003E5DC0 /* Debug */ = {
			isa = XCBuildConfiguration;
			baseConfigurationReference = 1470EDD3E2D6C69CC2DBF1B4 /* Pods-FilmBox.debug.xcconfig */;
			buildSettings = {
				ASSETCATALOG_COMPILER_APPICON_NAME = AppIcon;
				DEVELOPMENT_TEAM = 74G75L55W5;
				INFOPLIST_FILE = FilmBox/Info.plist;
				LD_RUNPATH_SEARCH_PATHS = "$(inherited) @executable_path/Frameworks";
				PRODUCT_BUNDLE_IDENTIFIER = me.contrapost.FilmBox;
				PRODUCT_NAME = "$(TARGET_NAME)";
				SWIFT_VERSION = 3.0;
			};
			name = Debug;
		};
		B51B4DA01E0554F5003E5DC0 /* Release */ = {
			isa = XCBuildConfiguration;
			baseConfigurationReference = 1769157101DE497D93DDCBAD /* Pods-FilmBox.release.xcconfig */;
			buildSettings = {
				ASSETCATALOG_COMPILER_APPICON_NAME = AppIcon;
				DEVELOPMENT_TEAM = 74G75L55W5;
				INFOPLIST_FILE = FilmBox/Info.plist;
				LD_RUNPATH_SEARCH_PATHS = "$(inherited) @executable_path/Frameworks";
				PRODUCT_BUNDLE_IDENTIFIER = me.contrapost.FilmBox;
				PRODUCT_NAME = "$(TARGET_NAME)";
				SWIFT_VERSION = 3.0;
			};
			name = Release;
		};
		B51B4DA21E0554F5003E5DC0 /* Debug */ = {
			isa = XCBuildConfiguration;
			baseConfigurationReference = 238B272DEA3B8AB3F6B90F58 /* Pods-FilmBoxTests.debug.xcconfig */;
			buildSettings = {
				ALWAYS_EMBED_SWIFT_STANDARD_LIBRARIES = YES;
				BUNDLE_LOADER = "$(TEST_HOST)";
				DEVELOPMENT_TEAM = 74G75L55W5;
				INFOPLIST_FILE = FilmBoxTests/Info.plist;
				LD_RUNPATH_SEARCH_PATHS = "$(inherited) @executable_path/Frameworks @loader_path/Frameworks";
				PRODUCT_BUNDLE_IDENTIFIER = me.contrapost.FilmBoxTests;
				PRODUCT_NAME = "$(TARGET_NAME)";
				SWIFT_VERSION = 3.0;
				TEST_HOST = "$(BUILT_PRODUCTS_DIR)/FilmBox.app/FilmBox";
			};
			name = Debug;
		};
		B51B4DA31E0554F5003E5DC0 /* Release */ = {
			isa = XCBuildConfiguration;
			baseConfigurationReference = 83AAE3D11FA5A960D8099511 /* Pods-FilmBoxTests.release.xcconfig */;
			buildSettings = {
				ALWAYS_EMBED_SWIFT_STANDARD_LIBRARIES = YES;
				BUNDLE_LOADER = "$(TEST_HOST)";
				DEVELOPMENT_TEAM = 74G75L55W5;
				INFOPLIST_FILE = FilmBoxTests/Info.plist;
				LD_RUNPATH_SEARCH_PATHS = "$(inherited) @executable_path/Frameworks @loader_path/Frameworks";
				PRODUCT_BUNDLE_IDENTIFIER = me.contrapost.FilmBoxTests;
				PRODUCT_NAME = "$(TARGET_NAME)";
				SWIFT_VERSION = 3.0;
				TEST_HOST = "$(BUILT_PRODUCTS_DIR)/FilmBox.app/FilmBox";
			};
			name = Release;
		};
/* End XCBuildConfiguration section */

/* Begin XCConfigurationList section */
		B51B4D791E0554F4003E5DC0 /* Build configuration list for PBXProject "FilmBox" */ = {
			isa = XCConfigurationList;
			buildConfigurations = (
				B51B4D9C1E0554F5003E5DC0 /* Debug */,
				B51B4D9D1E0554F5003E5DC0 /* Release */,
			);
			defaultConfigurationIsVisible = 0;
			defaultConfigurationName = Release;
		};
		B51B4D9E1E0554F5003E5DC0 /* Build configuration list for PBXNativeTarget "FilmBox" */ = {
			isa = XCConfigurationList;
			buildConfigurations = (
				B51B4D9F1E0554F5003E5DC0 /* Debug */,
				B51B4DA01E0554F5003E5DC0 /* Release */,
			);
			defaultConfigurationIsVisible = 0;
			defaultConfigurationName = Release;
		};
		B51B4DA11E0554F5003E5DC0 /* Build configuration list for PBXNativeTarget "FilmBoxTests" */ = {
			isa = XCConfigurationList;
			buildConfigurations = (
				B51B4DA21E0554F5003E5DC0 /* Debug */,
				B51B4DA31E0554F5003E5DC0 /* Release */,
			);
			defaultConfigurationIsVisible = 0;
			defaultConfigurationName = Release;
		};
/* End XCConfigurationList section */

/* Begin XCVersionGroup section */
		B51B4D881E0554F5003E5DC0 /* FilmBox.xcdatamodeld */ = {
			isa = XCVersionGroup;
			children = (
				B51B4D891E0554F5003E5DC0 /* FilmBox.xcdatamodel */,
			);
			currentVersion = B51B4D891E0554F5003E5DC0 /* FilmBox.xcdatamodel */;
			path = FilmBox.xcdatamodeld;
			sourceTree = "<group>";
			versionGroupType = wrapper.xcdatamodel;
		};
/* End XCVersionGroup section */
	};
	rootObject = B51B4D761E0554F4003E5DC0 /* Project object */;
}
